
Microsoft Visual Studio Solution File, Format Version 12.00
# Visual Studio 15
VisualStudioVersion = 15.0.28307.136
MinimumVisualStudioVersion = 10.0.40219.1
Project("{FAE04EC0-301F-11D3-BF4B-00C04F79EFBC}") = "Parser", "Parser\Parser.csproj", "{9C2A8880-DC4A-421E-925E-2FE6B6FB39A0}"
EndProject
Project("{FAE04EC0-301F-11D3-BF4B-00C04F79EFBC}") = "Parser.BLL", "Parser.BLL\Parser.BLL.csproj", "{7437B6C5-7783-49D9-B57B-214C7854D036}"
EndProject
Project("{FAE04EC0-301F-11D3-BF4B-00C04F79EFBC}") = "Parser.Data", "Parser.Data\Parser.Data.csproj", "{1B05BF30-BE96-4AE5-AE6A-A86B7A54AB4E}"
EndProject
Project("{FAE04EC0-301F-11D3-BF4B-00C04F79EFBC}") = "Parser.Data.Core", "Parser.Data.Core\Parser.Data.Core.csproj", "{F48C0654-2464-4B4D-A2B1-851CFE310796}"
EndProject
Global
	GlobalSection(SolutionConfigurationPlatforms) = preSolution
		Debug|Any CPU = Debug|Any CPU
		Release|Any CPU = Release|Any CPU
	EndGlobalSection
	GlobalSection(ProjectConfigurationPlatforms) = postSolution
		{9C2A8880-DC4A-421E-925E-2FE6B6FB39A0}.Debug|Any CPU.ActiveCfg = Debug|Any CPU
		{9C2A8880-DC4A-421E-925E-2FE6B6FB39A0}.Debug|Any CPU.Build.0 = Debug|Any CPU
		{9C2A8880-DC4A-421E-925E-2FE6B6FB39A0}.Release|Any CPU.ActiveCfg = Release|Any CPU
		{9C2A8880-DC4A-421E-925E-2FE6B6FB39A0}.Release|Any CPU.Build.0 = Release|Any CPU
		{7437B6C5-7783-49D9-B57B-214C7854D036}.Debug|Any CPU.ActiveCfg = Debug|Any CPU
		{7437B6C5-7783-49D9-B57B-214C7854D036}.Debug|Any CPU.Build.0 = Debug|Any CPU
		{7437B6C5-7783-49D9-B57B-214C7854D036}.Release|Any CPU.ActiveCfg = Release|Any CPU
		{7437B6C5-7783-49D9-B57B-214C7854D036}.Release|Any CPU.Build.0 = Release|Any CPU
		{1B05BF30-BE96-4AE5-AE6A-A86B7A54AB4E}.Debug|Any CPU.ActiveCfg = Debug|Any CPU
		{1B05BF30-BE96-4AE5-AE6A-A86B7A54AB4E}.Debug|Any CPU.Build.0 = Debug|Any CPU
		{1B05BF30-BE96-4AE5-AE6A-A86B7A54AB4E}.Release|Any CPU.ActiveCfg = Release|Any CPU
		{1B05BF30-BE96-4AE5-AE6A-A86B7A54AB4E}.Release|Any CPU.Build.0 = Release|Any CPU
		{F48C0654-2464-4B4D-A2B1-851CFE310796}.Debug|Any CPU.ActiveCfg = Debug|Any CPU
		{F48C0654-2464-4B4D-A2B1-851CFE310796}.Debug|Any CPU.Build.0 = Debug|Any CPU
		{F48C0654-2464-4B4D-A2B1-851CFE310796}.Release|Any CPU.ActiveCfg = Release|Any CPU
		{F48C0654-2464-4B4D-A2B1-851CFE310796}.Release|Any CPU.Build.0 = Release|Any CPU
	EndGlobalSection
	GlobalSection(SolutionProperties) = preSolution
		HideSolutionNode = FALSE
	EndGlobalSection
	GlobalSection(ExtensibilityGlobals) = postSolution
		SolutionGuid = {04A9ACB8-6AEF-4DE9-9320-6F6A7C7CDEA8}
	EndGlobalSection
EndGlobal
