
Microsoft Visual Studio Solution File, Format Version 12.00
# Visual Studio 15
VisualStudioVersion = 15.0.28307.136
MinimumVisualStudioVersion = 10.0.40219.1
Project("{FAE04EC0-301F-11D3-BF4B-00C04F79EFBC}") = "Parser.Api", "Parser.Api\Parser.Api.csproj", "{CE0B57CA-631B-4C46-85B1-255B43BCF665}"
EndProject
Project("{FAE04EC0-301F-11D3-BF4B-00C04F79EFBC}") = "Parser.Data", "Parser.Data\Parser.Data.csproj", "{164C94B1-9AA4-438E-BE5E-B75CC7CD6A20}"
EndProject
Project("{FAE04EC0-301F-11D3-BF4B-00C04F79EFBC}") = "Parser.Data.Core", "Parser.Data.Core\Parser.Data.Core.csproj", "{1AB49D43-2E4B-4D69-80A9-16BD3B2E6036}"
EndProject
Project("{FAE04EC0-301F-11D3-BF4B-00C04F79EFBC}") = "Parser.Core", "Parser.Core\Parser.Core.csproj", "{3664C73A-5A44-4CF5-9448-D63EA638BF89}"
EndProject
Project("{FAE04EC0-301F-11D3-BF4B-00C04F79EFBC}") = "Parser.Bl", "Parser.Bl\Parser.Bl.csproj", "{E046AA3A-F5E8-4264-8997-BC3DCD17DFF2}"
EndProject
Global
	GlobalSection(SolutionConfigurationPlatforms) = preSolution
		Debug|Any CPU = Debug|Any CPU
		Release|Any CPU = Release|Any CPU
	EndGlobalSection
	GlobalSection(ProjectConfigurationPlatforms) = postSolution
		{CE0B57CA-631B-4C46-85B1-255B43BCF665}.Debug|Any CPU.ActiveCfg = Debug|Any CPU
		{CE0B57CA-631B-4C46-85B1-255B43BCF665}.Debug|Any CPU.Build.0 = Debug|Any CPU
		{CE0B57CA-631B-4C46-85B1-255B43BCF665}.Release|Any CPU.ActiveCfg = Release|Any CPU
		{CE0B57CA-631B-4C46-85B1-255B43BCF665}.Release|Any CPU.Build.0 = Release|Any CPU
		{164C94B1-9AA4-438E-BE5E-B75CC7CD6A20}.Debug|Any CPU.ActiveCfg = Debug|Any CPU
		{164C94B1-9AA4-438E-BE5E-B75CC7CD6A20}.Debug|Any CPU.Build.0 = Debug|Any CPU
		{164C94B1-9AA4-438E-BE5E-B75CC7CD6A20}.Release|Any CPU.ActiveCfg = Release|Any CPU
		{164C94B1-9AA4-438E-BE5E-B75CC7CD6A20}.Release|Any CPU.Build.0 = Release|Any CPU
		{1AB49D43-2E4B-4D69-80A9-16BD3B2E6036}.Debug|Any CPU.ActiveCfg = Debug|Any CPU
		{1AB49D43-2E4B-4D69-80A9-16BD3B2E6036}.Debug|Any CPU.Build.0 = Debug|Any CPU
		{1AB49D43-2E4B-4D69-80A9-16BD3B2E6036}.Release|Any CPU.ActiveCfg = Release|Any CPU
		{1AB49D43-2E4B-4D69-80A9-16BD3B2E6036}.Release|Any CPU.Build.0 = Release|Any CPU
		{3664C73A-5A44-4CF5-9448-D63EA638BF89}.Debug|Any CPU.ActiveCfg = Debug|Any CPU
		{3664C73A-5A44-4CF5-9448-D63EA638BF89}.Debug|Any CPU.Build.0 = Debug|Any CPU
		{3664C73A-5A44-4CF5-9448-D63EA638BF89}.Release|Any CPU.ActiveCfg = Release|Any CPU
		{3664C73A-5A44-4CF5-9448-D63EA638BF89}.Release|Any CPU.Build.0 = Release|Any CPU
		{E046AA3A-F5E8-4264-8997-BC3DCD17DFF2}.Debug|Any CPU.ActiveCfg = Debug|Any CPU
		{E046AA3A-F5E8-4264-8997-BC3DCD17DFF2}.Debug|Any CPU.Build.0 = Debug|Any CPU
		{E046AA3A-F5E8-4264-8997-BC3DCD17DFF2}.Release|Any CPU.ActiveCfg = Release|Any CPU
		{E046AA3A-F5E8-4264-8997-BC3DCD17DFF2}.Release|Any CPU.Build.0 = Release|Any CPU
	EndGlobalSection
	GlobalSection(SolutionProperties) = preSolution
		HideSolutionNode = FALSE
	EndGlobalSection
	GlobalSection(ExtensibilityGlobals) = postSolution
		SolutionGuid = {31F449D4-1019-4262-BB5D-ACAAA32DFCFD}
	EndGlobalSection
EndGlobal
